
Microsoft Visual Studio Solution File, Format Version 12.00
# Visual Studio Version 17
VisualStudioVersion = 17.3.32922.545
MinimumVisualStudioVersion = 10.0.40219.1
Project("{FAE04EC0-301F-11D3-BF4B-00C04F79EFBC}") = "Hello", "Hello.csproj", "{A70134E9-ED92-4CF2-91B4-90DAC62BAB4C}"
EndProject
Project("{FAE04EC0-301F-11D3-BF4B-00C04F79EFBC}") = "Animal", "..\Animal\Animal.csproj", "{6EB7E86C-3BB1-4AA1-8022-AB1CD0C9C705}"
EndProject
Global
	GlobalSection(SolutionConfigurationPlatforms) = preSolution
		Debug|Any CPU = Debug|Any CPU
		Release|Any CPU = Release|Any CPU
	EndGlobalSection
	GlobalSection(ProjectConfigurationPlatforms) = postSolution
		{A70134E9-ED92-4CF2-91B4-90DAC62BAB4C}.Debug|Any CPU.ActiveCfg = Debug|Any CPU
		{A70134E9-ED92-4CF2-91B4-90DAC62BAB4C}.Debug|Any CPU.Build.0 = Debug|Any CPU
		{A70134E9-ED92-4CF2-91B4-90DAC62BAB4C}.Release|Any CPU.ActiveCfg = Release|Any CPU
		{A70134E9-ED92-4CF2-91B4-90DAC62BAB4C}.Release|Any CPU.Build.0 = Release|Any CPU
		{6EB7E86C-3BB1-4AA1-8022-AB1CD0C9C705}.Debug|Any CPU.ActiveCfg = Debug|Any CPU
		{6EB7E86C-3BB1-4AA1-8022-AB1CD0C9C705}.Debug|Any CPU.Build.0 = Debug|Any CPU
		{6EB7E86C-3BB1-4AA1-8022-AB1CD0C9C705}.Release|Any CPU.ActiveCfg = Release|Any CPU
		{6EB7E86C-3BB1-4AA1-8022-AB1CD0C9C705}.Release|Any CPU.Build.0 = Release|Any CPU
	EndGlobalSection
	GlobalSection(SolutionProperties) = preSolution
		HideSolutionNode = FALSE
	EndGlobalSection
	GlobalSection(ExtensibilityGlobals) = postSolution
		SolutionGuid = {F5E30EAB-FF8D-44FA-930C-25F8DE18583C}
	EndGlobalSection
EndGlobal
